{"1.1.0",
[{<<"base64url">>,{pkg,<<"base64url">>,<<"0.0.1">>},0},
 {<<"jsx">>,{pkg,<<"jsx">>,<<"2.8.2">>},0}]}.
[
{pkg_hash,[
 {<<"base64url">>, <<"7830EDABAB7991BE896F6A4C43E5C0A0E5047005820CEC7D0AA0DBB8B2A0CB23">>},
 {<<"jsx">>, <<"7ACC7D785B5ABE8A6E9ADBDE926A24E481F29956DD8B4DF49E3E4E7BCC92A018">>}]}
].
