{"1.1.0",
[{<<"base64url">>,{pkg,<<"base64url">>,<<"0.0.1">>},0},
 {<<"jsx">>,{pkg,<<"jsx">>,<<"2.0.4">>},0}]}.
[
{pkg_hash,[
 {<<"base64url">>, <<"7830EDABAB7991BE896F6A4C43E5C0A0E5047005820CEC7D0AA0DBB8B2A0CB23">>},
 {<<"jsx">>, <<"1B5D21C24486C0BFD467426081839143AD826F173BCD7128594F42B13B0FF6E5">>}]}
].
